
Microsoft Visual Studio Solution File, Format Version 12.00
# Visual Studio Version 17
VisualStudioVersion = 17.2.32519.379
MinimumVisualStudioVersion = 10.0.40219.1
Project("{FAE04EC0-301F-11D3-BF4B-00C04F79EFBC}") = "ViewPics", "ViewPics\ViewPics.csproj", "{C9F77DFD-303C-4BC9-A89C-C5ED215F2E4B}"
EndProject
Global
	GlobalSection(SolutionConfigurationPlatforms) = preSolution
		Debug|Any CPU = Debug|Any CPU
		Release|Any CPU = Release|Any CPU
	EndGlobalSection
	GlobalSection(ProjectConfigurationPlatforms) = postSolution
		{C9F77DFD-303C-4BC9-A89C-C5ED215F2E4B}.Debug|Any CPU.ActiveCfg = Debug|Any CPU
		{C9F77DFD-303C-4BC9-A89C-C5ED215F2E4B}.Debug|Any CPU.Build.0 = Debug|Any CPU
		{C9F77DFD-303C-4BC9-A89C-C5ED215F2E4B}.Release|Any CPU.ActiveCfg = Release|Any CPU
		{C9F77DFD-303C-4BC9-A89C-C5ED215F2E4B}.Release|Any CPU.Build.0 = Release|Any CPU
	EndGlobalSection
	GlobalSection(SolutionProperties) = preSolution
		HideSolutionNode = FALSE
	EndGlobalSection
	GlobalSection(ExtensibilityGlobals) = postSolution
		SolutionGuid = {7D816FD8-BBE9-4E5C-B1C5-2437EC4F31E4}
	EndGlobalSection
EndGlobal
